
Microsoft Visual Studio Solution File, Format Version 12.00
# Visual Studio Version 17
VisualStudioVersion = 17.14.36127.28 d17.14
MinimumVisualStudioVersion = 10.0.40219.1
Project("{FAE04EC0-301F-11D3-BF4B-00C04F79EFBC}") = "MauiResources1", "MauiResources1\MauiResources1.csproj", "{191140C3-0CAE-4118-9B71-9F3A902F4CED}"
EndProject
Global
	GlobalSection(SolutionConfigurationPlatforms) = preSolution
		Debug|Any CPU = Debug|Any CPU
		Release|Any CPU = Release|Any CPU
	EndGlobalSection
	GlobalSection(ProjectConfigurationPlatforms) = postSolution
		{191140C3-0CAE-4118-9B71-9F3A902F4CED}.Debug|Any CPU.ActiveCfg = Debug|Any CPU
		{191140C3-0CAE-4118-9B71-9F3A902F4CED}.Debug|Any CPU.Build.0 = Debug|Any CPU
		{191140C3-0CAE-4118-9B71-9F3A902F4CED}.Release|Any CPU.ActiveCfg = Release|Any CPU
		{191140C3-0CAE-4118-9B71-9F3A902F4CED}.Release|Any CPU.Build.0 = Release|Any CPU
	EndGlobalSection
	GlobalSection(SolutionProperties) = preSolution
		HideSolutionNode = FALSE
	EndGlobalSection
	GlobalSection(ExtensibilityGlobals) = postSolution
		SolutionGuid = {2DA1C182-CEA3-4247-99AF-0F2F522F53A9}
	EndGlobalSection
EndGlobal
